
Microsoft Visual Studio Solution File, Format Version 12.00
# Visual Studio Version 17
VisualStudioVersion = 17.5.33414.496
MinimumVisualStudioVersion = 10.0.40219.1
Project("{9A19103F-16F7-4668-BE54-9A1E7A4F7556}") = "GenericArithmetic", "GenericArithmetic.csproj", "{31795692-2044-49C3-90D7-C716ADE298D0}"
EndProject
Global
	GlobalSection(SolutionConfigurationPlatforms) = preSolution
		Debug|Any CPU = Debug|Any CPU
		Release|Any CPU = Release|Any CPU
	EndGlobalSection
	GlobalSection(ProjectConfigurationPlatforms) = postSolution
		{31795692-2044-49C3-90D7-C716ADE298D0}.Debug|Any CPU.ActiveCfg = Debug|Any CPU
		{31795692-2044-49C3-90D7-C716ADE298D0}.Debug|Any CPU.Build.0 = Debug|Any CPU
		{31795692-2044-49C3-90D7-C716ADE298D0}.Release|Any CPU.ActiveCfg = Release|Any CPU
		{31795692-2044-49C3-90D7-C716ADE298D0}.Release|Any CPU.Build.0 = Release|Any CPU
	EndGlobalSection
	GlobalSection(SolutionProperties) = preSolution
		HideSolutionNode = FALSE
	EndGlobalSection
	GlobalSection(ExtensibilityGlobals) = postSolution
		SolutionGuid = {56E4FB83-3DCB-496C-B668-79056C96786C}
	EndGlobalSection
EndGlobal
